
Microsoft Visual Studio Solution File, Format Version 12.00
# Visual Studio Version 17
VisualStudioVersion = 17.7.34024.191
MinimumVisualStudioVersion = 10.0.40219.1
Project("{2150E333-8FDC-42A3-9474-1A3956D46DE8}") = "docs", "docs", "{D3E6EEDD-AA79-4831-844B-5E27B5FA0835}"
	ProjectSection(SolutionItems) = preProject
		.gitignore = .gitignore
		README.md = README.md
	EndProjectSection
EndProject
Project("{9A19103F-16F7-4668-BE54-9A1E7A4F7556}") = "DummWoWExeCore", "DummyWoWExe\DummWoWExeCore.csproj", "{4495B8E0-0888-48CD-A037-D4BAF335CCC0}"
EndProject
Project("{9A19103F-16F7-4668-BE54-9A1E7A4F7556}") = "Tests.WzWowLib", "Tests.WzWowLib\Tests.WzWowLib.csproj", "{4B8D674C-8097-4892-96C2-F953887B00C2}"
EndProject
Project("{9A19103F-16F7-4668-BE54-9A1E7A4F7556}") = "WzWoWLib", "WzWoWLib\WzWoWLib.csproj", "{777424B8-CA94-400E-8CBE-099581DC8E31}"
EndProject
Global
	GlobalSection(SolutionConfigurationPlatforms) = preSolution
		Debug|Any CPU = Debug|Any CPU
		Release|Any CPU = Release|Any CPU
	EndGlobalSection
	GlobalSection(ProjectConfigurationPlatforms) = postSolution
		{4495B8E0-0888-48CD-A037-D4BAF335CCC0}.Debug|Any CPU.ActiveCfg = Debug|Any CPU
		{4495B8E0-0888-48CD-A037-D4BAF335CCC0}.Debug|Any CPU.Build.0 = Debug|Any CPU
		{4495B8E0-0888-48CD-A037-D4BAF335CCC0}.Release|Any CPU.ActiveCfg = Release|Any CPU
		{4495B8E0-0888-48CD-A037-D4BAF335CCC0}.Release|Any CPU.Build.0 = Release|Any CPU
		{4B8D674C-8097-4892-96C2-F953887B00C2}.Debug|Any CPU.ActiveCfg = Debug|Any CPU
		{4B8D674C-8097-4892-96C2-F953887B00C2}.Debug|Any CPU.Build.0 = Debug|Any CPU
		{4B8D674C-8097-4892-96C2-F953887B00C2}.Release|Any CPU.ActiveCfg = Release|Any CPU
		{4B8D674C-8097-4892-96C2-F953887B00C2}.Release|Any CPU.Build.0 = Release|Any CPU
		{777424B8-CA94-400E-8CBE-099581DC8E31}.Debug|Any CPU.ActiveCfg = Debug|Any CPU
		{777424B8-CA94-400E-8CBE-099581DC8E31}.Debug|Any CPU.Build.0 = Debug|Any CPU
		{777424B8-CA94-400E-8CBE-099581DC8E31}.Release|Any CPU.ActiveCfg = Release|Any CPU
		{777424B8-CA94-400E-8CBE-099581DC8E31}.Release|Any CPU.Build.0 = Release|Any CPU
	EndGlobalSection
	GlobalSection(SolutionProperties) = preSolution
		HideSolutionNode = FALSE
	EndGlobalSection
	GlobalSection(ExtensibilityGlobals) = postSolution
		SolutionGuid = {261966FB-8C40-41FD-A288-8E5E30D0EDAC}
	EndGlobalSection
EndGlobal
